
Microsoft Visual Studio Solution File, Format Version 12.00
# Visual Studio 15
VisualStudioVersion = 15.0.28307.705
MinimumVisualStudioVersion = 10.0.40219.1
Project("{FAE04EC0-301F-11D3-BF4B-00C04F79EFBC}") = "EnvioPayLips", "EnvioPayLips\EnvioPayLips.csproj", "{54E2F03B-7C7E-4453-B0BB-26A1725B434F}"
EndProject
Global
	GlobalSection(SolutionConfigurationPlatforms) = preSolution
		Debug|Any CPU = Debug|Any CPU
		Release|Any CPU = Release|Any CPU
	EndGlobalSection
	GlobalSection(ProjectConfigurationPlatforms) = postSolution
		{54E2F03B-7C7E-4453-B0BB-26A1725B434F}.Debug|Any CPU.ActiveCfg = Debug|Any CPU
		{54E2F03B-7C7E-4453-B0BB-26A1725B434F}.Debug|Any CPU.Build.0 = Debug|Any CPU
		{54E2F03B-7C7E-4453-B0BB-26A1725B434F}.Release|Any CPU.ActiveCfg = Release|Any CPU
		{54E2F03B-7C7E-4453-B0BB-26A1725B434F}.Release|Any CPU.Build.0 = Release|Any CPU
	EndGlobalSection
	GlobalSection(SolutionProperties) = preSolution
		HideSolutionNode = FALSE
	EndGlobalSection
	GlobalSection(ExtensibilityGlobals) = postSolution
		SolutionGuid = {C685CC6C-6FFD-435B-9C5F-4D0872E24E74}
	EndGlobalSection
EndGlobal
